
Microsoft Visual Studio Solution File, Format Version 12.00
# Visual Studio Version 17
VisualStudioVersion = 17.9.34723.18
MinimumVisualStudioVersion = 10.0.40219.1
Project("{FAE04EC0-301F-11D3-BF4B-00C04F79EFBC}") = "Otobus_Bileti_Otomasyonu", "Otobus_Bileti_Otomasyonu\Otobus_Bileti_Otomasyonu.csproj", "{C7BD9465-B95B-4FAF-9155-DC8CC9A12EE8}"
EndProject
Global
	GlobalSection(SolutionConfigurationPlatforms) = preSolution
		Debug|Any CPU = Debug|Any CPU
		Release|Any CPU = Release|Any CPU
	EndGlobalSection
	GlobalSection(ProjectConfigurationPlatforms) = postSolution
		{C7BD9465-B95B-4FAF-9155-DC8CC9A12EE8}.Debug|Any CPU.ActiveCfg = Debug|Any CPU
		{C7BD9465-B95B-4FAF-9155-DC8CC9A12EE8}.Debug|Any CPU.Build.0 = Debug|Any CPU
		{C7BD9465-B95B-4FAF-9155-DC8CC9A12EE8}.Release|Any CPU.ActiveCfg = Release|Any CPU
		{C7BD9465-B95B-4FAF-9155-DC8CC9A12EE8}.Release|Any CPU.Build.0 = Release|Any CPU
	EndGlobalSection
	GlobalSection(SolutionProperties) = preSolution
		HideSolutionNode = FALSE
	EndGlobalSection
	GlobalSection(ExtensibilityGlobals) = postSolution
		SolutionGuid = {C1CFF215-44C4-4327-911E-7B8A4D91AC84}
	EndGlobalSection
EndGlobal
